<Project xmlns="http://schemas.microsoft.com/developer/msbuild/2003">
    <PropertyGroup>
        <ProjectGuid>{6C6EEEB8-59C2-4417-8E3A-A11BD939A094}</ProjectGuid>
        <ProjectVersion>19.5</ProjectVersion>
        <FrameworkType>None</FrameworkType>
        <Base>True</Base>
        <Config Condition="'$(Config)'==''">Debug</Config>
        <Platform Condition="'$(Platform)'==''">Win32</Platform>
        <TargetedPlatforms>1</TargetedPlatforms>
        <AppType>Library</AppType>
        <MainSource>Project1.dpr</MainSource>
    </PropertyGroup>
    <PropertyGroup Condition="'$(Config)'=='Base' or '$(Base)'!=''">
        <Base>true</Base>
    </PropertyGroup>
    <PropertyGroup Condition="('$(Platform)'=='Win32' and '$(Base)'=='true') or '$(Base_Win32)'!=''">
        <Base_Win32>true</Base_Win32>
        <CfgParent>Base</CfgParent>
        <Base>true</Base>
    </PropertyGroup>
    <PropertyGroup Condition="('$(Platform)'=='Win64' and '$(Base)'=='true') or '$(Base_Win64)'!=''">
        <Base_Win64>true</Base_Win64>
        <CfgParent>Base</CfgParent>
        <Base>true</Base>
    </PropertyGroup>
    <PropertyGroup Condition="'$(Config)'=='Debug' or '$(Cfg_1)'!=''">
        <Cfg_1>true</Cfg_1>
        <CfgParent>Base</CfgParent>
        <Base>true</Base>
    </PropertyGroup>
    <PropertyGroup Condition="('$(Platform)'=='Win32' and '$(Cfg_1)'=='true') or '$(Cfg_1_Win32)'!=''">
        <Cfg_1_Win32>true</Cfg_1_Win32>
        <CfgParent>Cfg_1</CfgParent>
        <Cfg_1>true</Cfg_1>
        <Base>true</Base>
    </PropertyGroup>
    <PropertyGroup Condition="'$(Config)'=='Release' or '$(Cfg_2)'!=''">
        <Cfg_2>true</Cfg_2>
        <CfgParent>Base</CfgParent>
        <Base>true</Base>
    </PropertyGroup>
    <PropertyGroup Condition="'$(Base)'!=''">
        <DCC_DcuOutput>.\$(Platform)\$(Config)</DCC_DcuOutput>
        <DCC_ExeOutput>.\$(Platform)\$(Config)</DCC_ExeOutput>
        <DCC_E>false</DCC_E>
        <DCC_N>false</DCC_N>
        <DCC_S>false</DCC_S>
        <DCC_F>false</DCC_F>
        <DCC_K>false</DCC_K>
        <GenDll>true</GenDll>
        <DCC_Namespace>System;Xml;Data;Datasnap;Web;Soap;$(DCC_Namespace)</DCC_Namespace>
        <SanitizedProjectName>Project1</SanitizedProjectName>
    </PropertyGroup>
    <PropertyGroup Condition="'$(Base_Win32)'!=''">
        <DCC_UsePackage>JvNet;vclwinx;DataSnapServer;rbIDE2128;FMXTeeLanguage928;dclRBADO2128;fmx;emshosting;vclie;DbxCommonDriver;bindengine;IndyIPCommon;VCLRESTComponents;DBXMSSQLDriver;FireDACCommonODBC;emsclient;FireDACCommonDriver;TeeUI928;appanalytics;IndyProtocols;vclx;rbBDE2128;TeeTree2D28Tee9;IndyIPClient;dbxcds;vcledge;TeeGL928;rbCIDE2128;bindcompvclwinx;dnnobjbrkr;emsedge;bindcompfmx;DBXFirebirdDriver;apiThing;JvBands;inetdb;JvAppFrm;rbFireDAC2128;FireDACSqliteDriver;DbxClientDriver;FmxTeeUI928;FireDACASADriver;JclVcl;soapmidas;vclactnband;TeeImport928;fmxFireDAC;dbexpress;Jcl;JvManagedThreads;FireDACInfxDriver;FMXTree28;dclRBDBE2128;DBXMySQLDriver;TeeLanguage928;officeXPrt;VclSmp;inet;DataSnapCommon;JvPascalInterpreter;CPortLibDXE6;fcstudiowin;vcltouch;fmxase;ipstudiowin;JvPluginSystem;DBXOdbcDriver;JvDB;dbrtl;JvTimeFramework;FireDACDBXDriver;FireDACOracleDriver;fmxdae;FireDACMSAccDriver;JvCustom;CustomIPTransport;FireDACMSSQLDriver;JvSystem;rbDAD2128;rbRCL2128;ipstudiowinwordxp;DataSnapIndy10ServerTransport;JclDeveloperTools;JvControls;TeePro928;DataSnapConnectors;vcldsnap;DBXInterBaseDriver;JvCrypt;FireDACMongoDBDriver;JvJans;JvMM;IndySystem;JvWizards;ZipMasterR;FireDACTDataDriver;ipstudiowinclient;FMXTeeDB928;JvGlobus;vcldb;xtradev;JclContainers;JvPageComps;vclFireDAC;JvCore;FMXTeePro928;bindcomp;FireDACCommon;DataSnapServerMidas;FireDACODBCDriver;emsserverresource;rbDIDE2128;rbDBE2128;IndyCore;RESTBackendComponents;djStringGrid;rbDB2128;bindcompdbx;Wreboot;rbCloudSC2128;rtl;FireDACMySQLDriver;dnnobjbrkrreg;FireDACADSDriver;rbUSERDesign2128;RESTComponents;DBXSqliteDriver;vcl;IndyIPServer;dsnapxml;dsnapcon;DataSnapClient;DataSnapProviderClient;adortl;JvDotNetCtrls;JvHMI;DBXSybaseASEDriver;TeeImage928;JvRuntimeDesign;TeeDB928;DBXDb2Driver;FMXTee928;JvXPCtrls;rbADO2128;vclimg;DataSnapFireDAC;emsclientfiredac;FireDACPgDriver;FireDAC;FireDACDSDriver;inetdbxpress;xmlrtl;tethering;JvStdCtrls;JvDlgs;JvDocking;JvPrintPreview;bindcompvcl;dsnap;TeeWorld928;JvCmp;rbUSER2128;CloudService;DBXSybaseASADriver;DBXOracleDriver;FireDACDb2Driver;DBXInformixDriver;sendkey;rbRTL2128;fmxobj;bindcompvclsmp;DataSnapNativeClient;Tee928;dclRBFireDAC2128;DatasnapConnectorsFreePascal;soaprtl;FMXTeeImport928;soapserver;FireDACIBDriver;$(DCC_UsePackage)</DCC_UsePackage>
        <DCC_Namespace>Winapi;System.Win;Data.Win;Datasnap.Win;Web.Win;Soap.Win;Xml.Win;Bde;$(DCC_Namespace)</DCC_Namespace>
        <BT_BuildType>Debug</BT_BuildType>
        <VerInfo_IncludeVerInfo>true</VerInfo_IncludeVerInfo>
        <VerInfo_Keys>CompanyName=;FileDescription=$(MSBuildProjectName);FileVersion=1.0.0.0;InternalName=;LegalCopyright=;LegalTrademarks=;OriginalFilename=;ProgramID=com.embarcadero.$(MSBuildProjectName);ProductName=$(MSBuildProjectName);ProductVersion=1.0.0.0;Comments=</VerInfo_Keys>
        <VerInfo_Locale>1033</VerInfo_Locale>
    </PropertyGroup>
    <PropertyGroup Condition="'$(Base_Win64)'!=''">
        <DCC_UsePackage>vclwinx;DataSnapServer;fmx;emshosting;vclie;DbxCommonDriver;bindengine;IndyIPCommon;VCLRESTComponents;DBXMSSQLDriver;FireDACCommonODBC;emsclient;FireDACCommonDriver;appanalytics;IndyProtocols;vclx;IndyIPClient;dbxcds;vcledge;bindcompvclwinx;emsedge;bindcompfmx;DBXFirebirdDriver;inetdb;FireDACSqliteDriver;DbxClientDriver;FireDACASADriver;soapmidas;vclactnband;fmxFireDAC;dbexpress;FireDACInfxDriver;DBXMySQLDriver;officeXPrt;VclSmp;inet;DataSnapCommon;fcstudiowin;vcltouch;fmxase;ipstudiowin;DBXOdbcDriver;dbrtl;FireDACDBXDriver;FireDACOracleDriver;fmxdae;FireDACMSAccDriver;CustomIPTransport;FireDACMSSQLDriver;DataSnapIndy10ServerTransport;DataSnapConnectors;vcldsnap;DBXInterBaseDriver;FireDACMongoDBDriver;IndySystem;ZipMasterR;FireDACTDataDriver;ipstudiowinclient;vcldb;vclFireDAC;bindcomp;FireDACCommon;DataSnapServerMidas;FireDACODBCDriver;emsserverresource;IndyCore;RESTBackendComponents;bindcompdbx;rtl;FireDACMySQLDriver;FireDACADSDriver;RESTComponents;DBXSqliteDriver;vcl;IndyIPServer;dsnapxml;dsnapcon;DataSnapClient;DataSnapProviderClient;adortl;DBXSybaseASEDriver;DBXDb2Driver;vclimg;DataSnapFireDAC;emsclientfiredac;FireDACPgDriver;FireDAC;FireDACDSDriver;inetdbxpress;xmlrtl;tethering;bindcompvcl;dsnap;CloudService;DBXSybaseASADriver;DBXOracleDriver;FireDACDb2Driver;DBXInformixDriver;fmxobj;bindcompvclsmp;DataSnapNativeClient;DatasnapConnectorsFreePascal;soaprtl;soapserver;FireDACIBDriver;$(DCC_UsePackage)</DCC_UsePackage>
    </PropertyGroup>
    <PropertyGroup Condition="'$(Cfg_1)'!=''">
        <DCC_Define>DEBUG;$(DCC_Define)</DCC_Define>
        <DCC_DebugDCUs>true</DCC_DebugDCUs>
        <DCC_Optimize>false</DCC_Optimize>
        <DCC_GenerateStackFrames>true</DCC_GenerateStackFrames>
        <DCC_DebugInfoInExe>true</DCC_DebugInfoInExe>
        <DCC_RemoteDebug>true</DCC_RemoteDebug>
        <DCC_IntegerOverflowCheck>true</DCC_IntegerOverflowCheck>
        <DCC_RangeChecking>true</DCC_RangeChecking>
    </PropertyGroup>
    <PropertyGroup Condition="'$(Cfg_1_Win32)'!=''">
        <DCC_RemoteDebug>false</DCC_RemoteDebug>
    </PropertyGroup>
    <PropertyGroup Condition="'$(Cfg_2)'!=''">
        <DCC_LocalDebugSymbols>false</DCC_LocalDebugSymbols>
        <DCC_Define>RELEASE;$(DCC_Define)</DCC_Define>
        <DCC_SymbolReferenceInfo>0</DCC_SymbolReferenceInfo>
        <DCC_DebugInformation>0</DCC_DebugInformation>
    </PropertyGroup>
    <ItemGroup>
        <DelphiCompile Include="$(MainSource)">
            <MainSource>MainSource</MainSource>
        </DelphiCompile>
        <BuildConfiguration Include="Base">
            <Key>Base</Key>
        </BuildConfiguration>
        <BuildConfiguration Include="Debug">
            <Key>Cfg_1</Key>
            <CfgParent>Base</CfgParent>
        </BuildConfiguration>
        <BuildConfiguration Include="Release">
            <Key>Cfg_2</Key>
            <CfgParent>Base</CfgParent>
        </BuildConfiguration>
    </ItemGroup>
    <ProjectExtensions>
        <Borland.Personality>Delphi.Personality.12</Borland.Personality>
        <Borland.ProjectType>Application</Borland.ProjectType>
        <BorlandProject>
            <Delphi.Personality>
                <Source>
                    <Source Name="MainSource">Project1.dpr</Source>
                </Source>
            </Delphi.Personality>
            <Deployment Version="4"/>
            <Platforms>
                <Platform value="Win32">True</Platform>
                <Platform value="Win64">False</Platform>
            </Platforms>
        </BorlandProject>
        <ProjectFileVersion>12</ProjectFileVersion>
    </ProjectExtensions>
    <Import Project="$(BDS)\Bin\CodeGear.Delphi.Targets" Condition="Exists('$(BDS)\Bin\CodeGear.Delphi.Targets')"/>
    <Import Project="$(APPDATA)\Embarcadero\$(BDSAPPDATABASEDIR)\$(PRODUCTVERSION)\UserTools.proj" Condition="Exists('$(APPDATA)\Embarcadero\$(BDSAPPDATABASEDIR)\$(PRODUCTVERSION)\UserTools.proj')"/>
    <Import Project="$(MSBuildProjectName).deployproj" Condition="Exists('$(MSBuildProjectName).deployproj')"/>
</Project>
